
Microsoft Visual Studio Solution File, Format Version 11.00
# Visual Studio 2010
# SharpDevelop 4.4
Project("{FAE04EC0-301F-11D3-BF4B-00C04F79EFBC}") = "Combination", "Combination\Combination.csproj", "{5728544F-0BE7-4222-81E4-12EB80EA0E32}"
EndProject
Global
	GlobalSection(SolutionConfigurationPlatforms) = preSolution
		Debug|Any CPU = Debug|Any CPU
		Release|Any CPU = Release|Any CPU
	EndGlobalSection
	GlobalSection(ProjectConfigurationPlatforms) = postSolution
		{5728544F-0BE7-4222-81E4-12EB80EA0E32}.Debug|Any CPU.Build.0 = Debug|Any CPU
		{5728544F-0BE7-4222-81E4-12EB80EA0E32}.Debug|Any CPU.ActiveCfg = Debug|Any CPU
		{5728544F-0BE7-4222-81E4-12EB80EA0E32}.Release|Any CPU.Build.0 = Release|Any CPU
		{5728544F-0BE7-4222-81E4-12EB80EA0E32}.Release|Any CPU.ActiveCfg = Release|Any CPU
	EndGlobalSection
EndGlobal
