
Microsoft Visual Studio Solution File, Format Version 11.00
# Visual Studio 2010
# SharpDevelop 4.4
Project("{FAE04EC0-301F-11D3-BF4B-00C04F79EFBC}") = "Compounding", "Compounding\Compounding.csproj", "{52D49258-D0CE-40C4-B267-4CCB31485A7E}"
EndProject
Global
	GlobalSection(SolutionConfigurationPlatforms) = preSolution
		Debug|Any CPU = Debug|Any CPU
		Release|Any CPU = Release|Any CPU
	EndGlobalSection
	GlobalSection(ProjectConfigurationPlatforms) = postSolution
		{52D49258-D0CE-40C4-B267-4CCB31485A7E}.Debug|Any CPU.Build.0 = Debug|Any CPU
		{52D49258-D0CE-40C4-B267-4CCB31485A7E}.Debug|Any CPU.ActiveCfg = Debug|Any CPU
		{52D49258-D0CE-40C4-B267-4CCB31485A7E}.Release|Any CPU.Build.0 = Release|Any CPU
		{52D49258-D0CE-40C4-B267-4CCB31485A7E}.Release|Any CPU.ActiveCfg = Release|Any CPU
	EndGlobalSection
EndGlobal
